// !$*UTF8*$!
{
	archiveVersion = 1;
	classes = {
	};
	objectVersion = 50;
	objects = {

/* Begin PBXBuildFile section */
		17EE31BBFE38F6A1A9E14A25 /* Pods_MovieFinderUITests.framework in Frameworks */ = {isa = PBXBuildFile; fileRef = C7B85F1F737D3E289EAF8EFB /* Pods_MovieFinderUITests.framework */; };
		5339695320F9D93300D44FD9 /* AppDelegate.swift in Sources */ = {isa = PBXBuildFile; fileRef = 5339695220F9D93300D44FD9 /* AppDelegate.swift */; };
		5339695520F9D93300D44FD9 /* MoviesViewController.swift in Sources */ = {isa = PBXBuildFile; fileRef = 5339695420F9D93300D44FD9 /* MoviesViewController.swift */; };
		5339695820F9D93300D44FD9 /* Main.storyboard in Resources */ = {isa = PBXBuildFile; fileRef = 5339695620F9D93300D44FD9 /* Main.storyboard */; };
		5339695A20F9D93600D44FD9 /* Assets.xcassets in Resources */ = {isa = PBXBuildFile; fileRef = 5339695920F9D93600D44FD9 /* Assets.xcassets */; };
		5339695D20F9D93600D44FD9 /* LaunchScreen.storyboard in Resources */ = {isa = PBXBuildFile; fileRef = 5339695B20F9D93600D44FD9 /* LaunchScreen.storyboard */; };
		5339696820F9D93600D44FD9 /* MovieFinderTests.swift in Sources */ = {isa = PBXBuildFile; fileRef = 5339696720F9D93600D44FD9 /* MovieFinderTests.swift */; };
		5339697320F9D93600D44FD9 /* MovieFinderUITests.swift in Sources */ = {isa = PBXBuildFile; fileRef = 5339697220F9D93600D44FD9 /* MovieFinderUITests.swift */; };
		5339698420F9DE8600D44FD9 /* RequestDataProvider.swift in Sources */ = {isa = PBXBuildFile; fileRef = 5339698320F9DE8600D44FD9 /* RequestDataProvider.swift */; };
		5339698620F9E1DD00D44FD9 /* MovieFinderWebService.swift in Sources */ = {isa = PBXBuildFile; fileRef = 5339698520F9E1DD00D44FD9 /* MovieFinderWebService.swift */; };
		5339698820F9E9B600D44FD9 /* MovieQueryRequestType.swift in Sources */ = {isa = PBXBuildFile; fileRef = 5339698720F9E9B600D44FD9 /* MovieQueryRequestType.swift */; };
		5339698B20F9F50000D44FD9 /* MovieModel.swift in Sources */ = {isa = PBXBuildFile; fileRef = 5339698A20F9F50000D44FD9 /* MovieModel.swift */; };
		535EE9E320FD0AB6005CDDE3 /* MovieCacheManager.swift in Sources */ = {isa = PBXBuildFile; fileRef = 535EE9E220FD0AB6005CDDE3 /* MovieCacheManager.swift */; };
		5366EB4820FF8D1800220309 /* MovieListModel.swift in Sources */ = {isa = PBXBuildFile; fileRef = 5366EB4720FF8D1800220309 /* MovieListModel.swift */; };
		5373C48C20FB6A4300501BC9 /* MovieTableViewCell.swift in Sources */ = {isa = PBXBuildFile; fileRef = 5373C48B20FB6A4300501BC9 /* MovieTableViewCell.swift */; };
		5373C49020FB6C6100501BC9 /* ViewIDConstants.swift in Sources */ = {isa = PBXBuildFile; fileRef = 5373C48F20FB6C6100501BC9 /* ViewIDConstants.swift */; };
		5373C49220FB6DE700501BC9 /* MovieListViewModel.swift in Sources */ = {isa = PBXBuildFile; fileRef = 5373C49120FB6DE700501BC9 /* MovieListViewModel.swift */; };
		5373C49420FB73AA00501BC9 /* MovieViewModel.swift in Sources */ = {isa = PBXBuildFile; fileRef = 5373C49320FB73A900501BC9 /* MovieViewModel.swift */; };
		5373C49620FB808B00501BC9 /* APIConstants.swift in Sources */ = {isa = PBXBuildFile; fileRef = 5373C49520FB808A00501BC9 /* APIConstants.swift */; };
		5373C49820FBBE0C00501BC9 /* AtomicType.swift in Sources */ = {isa = PBXBuildFile; fileRef = 5373C49720FBBE0C00501BC9 /* AtomicType.swift */; };
		53E7145520FED97A00A3F9F9 /* AlertUtilities.swift in Sources */ = {isa = PBXBuildFile; fileRef = 53E7145420FED97A00A3F9F9 /* AlertUtilities.swift */; };
		53E7145720FED9A200A3F9F9 /* CommonUtilities.swift in Sources */ = {isa = PBXBuildFile; fileRef = 53E7145620FED9A200A3F9F9 /* CommonUtilities.swift */; };
		53E7145A20FEDE2400A3F9F9 /* Date+Extension.swift in Sources */ = {isa = PBXBuildFile; fileRef = 53E7145920FEDE2400A3F9F9 /* Date+Extension.swift */; };
		53E7145C20FEE1E800A3F9F9 /* CommonConstants.swift in Sources */ = {isa = PBXBuildFile; fileRef = 53E7145B20FEE1E800A3F9F9 /* CommonConstants.swift */; };
		8758E76F2213AF111C6B9915 /* Pods_MovieFinderTests.framework in Frameworks */ = {isa = PBXBuildFile; fileRef = FB12F78E09664A85E109704C /* Pods_MovieFinderTests.framework */; };
		DE0B25E11EEFFB119D98B567 /* Pods_MovieFinder.framework in Frameworks */ = {isa = PBXBuildFile; fileRef = A5F9CA141AD672F8078B4A39 /* Pods_MovieFinder.framework */; };
		EF7A18BE20FCBCCE0098B94A /* MovieCacheResultController.swift in Sources */ = {isa = PBXBuildFile; fileRef = EF7A18BD20FCBCCE0098B94A /* MovieCacheResultController.swift */; };
/* End PBXBuildFile section */

/* Begin PBXContainerItemProxy section */
		5339696420F9D93600D44FD9 /* PBXContainerItemProxy */ = {
			isa = PBXContainerItemProxy;
			containerPortal = 5339694720F9D93300D44FD9 /* Project object */;
			proxyType = 1;
			remoteGlobalIDString = 5339694E20F9D93300D44FD9;
			remoteInfo = MovieFinder;
		};
		5339696F20F9D93600D44FD9 /* PBXContainerItemProxy */ = {
			isa = PBXContainerItemProxy;
			containerPortal = 5339694720F9D93300D44FD9 /* Project object */;
			proxyType = 1;
			remoteGlobalIDString = 5339694E20F9D93300D44FD9;
			remoteInfo = MovieFinder;
		};
/* End PBXContainerItemProxy section */

/* Begin PBXFileReference section */
		0447694B084FBCE3E5C9AC1A /* Pods-MovieFinder.release.xcconfig */ = {isa = PBXFileReference; includeInIndex = 1; lastKnownFileType = text.xcconfig; name = "Pods-MovieFinder.release.xcconfig"; path = "Pods/Target Support Files/Pods-MovieFinder/Pods-MovieFinder.release.xcconfig"; sourceTree = "<group>"; };
		090CEA4A61F11E7977E4F51D /* Pods-MovieFinderUITests.debug.xcconfig */ = {isa = PBXFileReference; includeInIndex = 1; lastKnownFileType = text.xcconfig; name = "Pods-MovieFinderUITests.debug.xcconfig"; path = "Pods/Target Support Files/Pods-MovieFinderUITests/Pods-MovieFinderUITests.debug.xcconfig"; sourceTree = "<group>"; };
		1D3ACE86BB19FD04CF2CA5BD /* Pods-MovieFinderTests.release.xcconfig */ = {isa = PBXFileReference; includeInIndex = 1; lastKnownFileType = text.xcconfig; name = "Pods-MovieFinderTests.release.xcconfig"; path = "Pods/Target Support Files/Pods-MovieFinderTests/Pods-MovieFinderTests.release.xcconfig"; sourceTree = "<group>"; };
		234E0CD52E94C9F5B7730E9D /* Pods-MovieFinderUITests.release.xcconfig */ = {isa = PBXFileReference; includeInIndex = 1; lastKnownFileType = text.xcconfig; name = "Pods-MovieFinderUITests.release.xcconfig"; path = "Pods/Target Support Files/Pods-MovieFinderUITests/Pods-MovieFinderUITests.release.xcconfig"; sourceTree = "<group>"; };
		43ED23389DB02BF82E68F0B4 /* Pods-MovieFinder.debug.xcconfig */ = {isa = PBXFileReference; includeInIndex = 1; lastKnownFileType = text.xcconfig; name = "Pods-MovieFinder.debug.xcconfig"; path = "Pods/Target Support Files/Pods-MovieFinder/Pods-MovieFinder.debug.xcconfig"; sourceTree = "<group>"; };
		5339694F20F9D93300D44FD9 /* MovieFinder.app */ = {isa = PBXFileReference; explicitFileType = wrapper.application; includeInIndex = 0; path = MovieFinder.app; sourceTree = BUILT_PRODUCTS_DIR; };
		5339695220F9D93300D44FD9 /* AppDelegate.swift */ = {isa = PBXFileReference; lastKnownFileType = sourcecode.swift; path = AppDelegate.swift; sourceTree = "<group>"; };
		5339695420F9D93300D44FD9 /* MoviesViewController.swift */ = {isa = PBXFileReference; lastKnownFileType = sourcecode.swift; path = MoviesViewController.swift; sourceTree = "<group>"; };
		5339695720F9D93300D44FD9 /* Base */ = {isa = PBXFileReference; lastKnownFileType = file.storyboard; name = Base; path = Base.lproj/Main.storyboard; sourceTree = "<group>"; };
		5339695920F9D93600D44FD9 /* Assets.xcassets */ = {isa = PBXFileReference; lastKnownFileType = folder.assetcatalog; path = Assets.xcassets; sourceTree = "<group>"; };
		5339695C20F9D93600D44FD9 /* Base */ = {isa = PBXFileReference; lastKnownFileType = file.storyboard; name = Base; path = Base.lproj/LaunchScreen.storyboard; sourceTree = "<group>"; };
		5339695E20F9D93600D44FD9 /* Info.plist */ = {isa = PBXFileReference; lastKnownFileType = text.plist.xml; path = Info.plist; sourceTree = "<group>"; };
		5339696320F9D93600D44FD9 /* MovieFinderTests.xctest */ = {isa = PBXFileReference; explicitFileType = wrapper.cfbundle; includeInIndex = 0; path = MovieFinderTests.xctest; sourceTree = BUILT_PRODUCTS_DIR; };
		5339696720F9D93600D44FD9 /* MovieFinderTests.swift */ = {isa = PBXFileReference; lastKnownFileType = sourcecode.swift; path = MovieFinderTests.swift; sourceTree = "<group>"; };
		5339696920F9D93600D44FD9 /* Info.plist */ = {isa = PBXFileReference; lastKnownFileType = text.plist.xml; path = Info.plist; sourceTree = "<group>"; };
		5339696E20F9D93600D44FD9 /* MovieFinderUITests.xctest */ = {isa = PBXFileReference; explicitFileType = wrapper.cfbundle; includeInIndex = 0; path = MovieFinderUITests.xctest; sourceTree = BUILT_PRODUCTS_DIR; };
		5339697220F9D93600D44FD9 /* MovieFinderUITests.swift */ = {isa = PBXFileReference; lastKnownFileType = sourcecode.swift; path = MovieFinderUITests.swift; sourceTree = "<group>"; };
		5339697420F9D93600D44FD9 /* Info.plist */ = {isa = PBXFileReference; lastKnownFileType = text.plist.xml; path = Info.plist; sourceTree = "<group>"; };
		5339698320F9DE8600D44FD9 /* RequestDataProvider.swift */ = {isa = PBXFileReference; lastKnownFileType = sourcecode.swift; path = RequestDataProvider.swift; sourceTree = "<group>"; };
		5339698520F9E1DD00D44FD9 /* MovieFinderWebService.swift */ = {isa = PBXFileReference; lastKnownFileType = sourcecode.swift; path = MovieFinderWebService.swift; sourceTree = "<group>"; };
		5339698720F9E9B600D44FD9 /* MovieQueryRequestType.swift */ = {isa = PBXFileReference; lastKnownFileType = sourcecode.swift; path = MovieQueryRequestType.swift; sourceTree = "<group>"; };
		5339698A20F9F50000D44FD9 /* MovieModel.swift */ = {isa = PBXFileReference; lastKnownFileType = sourcecode.swift; path = MovieModel.swift; sourceTree = "<group>"; };
		535EE9E220FD0AB6005CDDE3 /* MovieCacheManager.swift */ = {isa = PBXFileReference; lastKnownFileType = sourcecode.swift; path = MovieCacheManager.swift; sourceTree = "<group>"; };
		5366EB4720FF8D1800220309 /* MovieListModel.swift */ = {isa = PBXFileReference; lastKnownFileType = sourcecode.swift; path = MovieListModel.swift; sourceTree = "<group>"; };
		5373C48B20FB6A4300501BC9 /* MovieTableViewCell.swift */ = {isa = PBXFileReference; lastKnownFileType = sourcecode.swift; path = MovieTableViewCell.swift; sourceTree = "<group>"; };
		5373C48F20FB6C6100501BC9 /* ViewIDConstants.swift */ = {isa = PBXFileReference; lastKnownFileType = sourcecode.swift; path = ViewIDConstants.swift; sourceTree = "<group>"; };
		5373C49120FB6DE700501BC9 /* MovieListViewModel.swift */ = {isa = PBXFileReference; lastKnownFileType = sourcecode.swift; path = MovieListViewModel.swift; sourceTree = "<group>"; };
		5373C49320FB73A900501BC9 /* MovieViewModel.swift */ = {isa = PBXFileReference; lastKnownFileType = sourcecode.swift; path = MovieViewModel.swift; sourceTree = "<group>"; };
		5373C49520FB808A00501BC9 /* APIConstants.swift */ = {isa = PBXFileReference; lastKnownFileType = sourcecode.swift; path = APIConstants.swift; sourceTree = "<group>"; };
		5373C49720FBBE0C00501BC9 /* AtomicType.swift */ = {isa = PBXFileReference; lastKnownFileType = sourcecode.swift; path = AtomicType.swift; sourceTree = "<group>"; };
		53E7145420FED97A00A3F9F9 /* AlertUtilities.swift */ = {isa = PBXFileReference; lastKnownFileType = sourcecode.swift; path = AlertUtilities.swift; sourceTree = "<group>"; };
		53E7145620FED9A200A3F9F9 /* CommonUtilities.swift */ = {isa = PBXFileReference; lastKnownFileType = sourcecode.swift; path = CommonUtilities.swift; sourceTree = "<group>"; };
		53E7145920FEDE2400A3F9F9 /* Date+Extension.swift */ = {isa = PBXFileReference; lastKnownFileType = sourcecode.swift; path = "Date+Extension.swift"; sourceTree = "<group>"; };
		53E7145B20FEE1E800A3F9F9 /* CommonConstants.swift */ = {isa = PBXFileReference; lastKnownFileType = sourcecode.swift; path = CommonConstants.swift; sourceTree = "<group>"; };
		681164AA156310229F56BBA6 /* Pods-MovieFinderTests.debug.xcconfig */ = {isa = PBXFileReference; includeInIndex = 1; lastKnownFileType = text.xcconfig; name = "Pods-MovieFinderTests.debug.xcconfig"; path = "Pods/Target Support Files/Pods-MovieFinderTests/Pods-MovieFinderTests.debug.xcconfig"; sourceTree = "<group>"; };
		A5F9CA141AD672F8078B4A39 /* Pods_MovieFinder.framework */ = {isa = PBXFileReference; explicitFileType = wrapper.framework; includeInIndex = 0; path = Pods_MovieFinder.framework; sourceTree = BUILT_PRODUCTS_DIR; };
		C7B85F1F737D3E289EAF8EFB /* Pods_MovieFinderUITests.framework */ = {isa = PBXFileReference; explicitFileType = wrapper.framework; includeInIndex = 0; path = Pods_MovieFinderUITests.framework; sourceTree = BUILT_PRODUCTS_DIR; };
		EF7A18BD20FCBCCE0098B94A /* MovieCacheResultController.swift */ = {isa = PBXFileReference; lastKnownFileType = sourcecode.swift; path = MovieCacheResultController.swift; sourceTree = "<group>"; };
		FB12F78E09664A85E109704C /* Pods_MovieFinderTests.framework */ = {isa = PBXFileReference; explicitFileType = wrapper.framework; includeInIndex = 0; path = Pods_MovieFinderTests.framework; sourceTree = BUILT_PRODUCTS_DIR; };
/* End PBXFileReference section */

/* Begin PBXFrameworksBuildPhase section */
		5339694C20F9D93300D44FD9 /* Frameworks */ = {
			isa = PBXFrameworksBuildPhase;
			buildActionMask = 2147483647;
			files = (
				DE0B25E11EEFFB119D98B567 /* Pods_MovieFinder.framework in Frameworks */,
			);
			runOnlyForDeploymentPostprocessing = 0;
		};
		5339696020F9D93600D44FD9 /* Frameworks */ = {
			isa = PBXFrameworksBuildPhase;
			buildActionMask = 2147483647;
			files = (
				8758E76F2213AF111C6B9915 /* Pods_MovieFinderTests.framework in Frameworks */,
			);
			runOnlyForDeploymentPostprocessing = 0;
		};
		5339696B20F9D93600D44FD9 /* Frameworks */ = {
			isa = PBXFrameworksBuildPhase;
			buildActionMask = 2147483647;
			files = (
				17EE31BBFE38F6A1A9E14A25 /* Pods_MovieFinderUITests.framework in Frameworks */,
			);
			runOnlyForDeploymentPostprocessing = 0;
		};
/* End PBXFrameworksBuildPhase section */

/* Begin PBXGroup section */
		1A235EAD5E7A74FB0E74D2EA /* Pods */ = {
			isa = PBXGroup;
			children = (
				43ED23389DB02BF82E68F0B4 /* Pods-MovieFinder.debug.xcconfig */,
				0447694B084FBCE3E5C9AC1A /* Pods-MovieFinder.release.xcconfig */,
				681164AA156310229F56BBA6 /* Pods-MovieFinderTests.debug.xcconfig */,
				1D3ACE86BB19FD04CF2CA5BD /* Pods-MovieFinderTests.release.xcconfig */,
				090CEA4A61F11E7977E4F51D /* Pods-MovieFinderUITests.debug.xcconfig */,
				234E0CD52E94C9F5B7730E9D /* Pods-MovieFinderUITests.release.xcconfig */,
			);
			name = Pods;
			sourceTree = "<group>";
		};
		5339694620F9D93300D44FD9 = {
			isa = PBXGroup;
			children = (
				5339695120F9D93300D44FD9 /* MovieFinder */,
				5339696620F9D93600D44FD9 /* MovieFinderTests */,
				5339697120F9D93600D44FD9 /* MovieFinderUITests */,
				5339695020F9D93300D44FD9 /* Products */,
				1A235EAD5E7A74FB0E74D2EA /* Pods */,
				9B33D84072EB1F5C81048E74 /* Frameworks */,
			);
			sourceTree = "<group>";
		};
		5339695020F9D93300D44FD9 /* Products */ = {
			isa = PBXGroup;
			children = (
				5339694F20F9D93300D44FD9 /* MovieFinder.app */,
				5339696320F9D93600D44FD9 /* MovieFinderTests.xctest */,
				5339696E20F9D93600D44FD9 /* MovieFinderUITests.xctest */,
			);
			name = Products;
			sourceTree = "<group>";
		};
		5339695120F9D93300D44FD9 /* MovieFinder */ = {
			isa = PBXGroup;
			children = (
				5339698920F9F4C700D44FD9 /* Models */,
				5373C48920FB67D900501BC9 /* Views */,
				5373C48E20FB6B7400501BC9 /* ViewModels */,
				5339698020F9DDBF00D44FD9 /* ViewControllers */,
				5339698220F9DE6200D44FD9 /* API */,
				53E7145820FEDE0B00A3F9F9 /* Extensions */,
				53E7145320FED95300A3F9F9 /* Utils */,
				535EE9E120FD0A7F005CDDE3 /* Managers */,
				5339698C20FA413300D44FD9 /* Constants */,
				5339698120F9DDCC00D44FD9 /* Stories */,
				5339695220F9D93300D44FD9 /* AppDelegate.swift */,
				5339695920F9D93600D44FD9 /* Assets.xcassets */,
				5339695E20F9D93600D44FD9 /* Info.plist */,
			);
			path = MovieFinder;
			sourceTree = "<group>";
		};
		5339696620F9D93600D44FD9 /* MovieFinderTests */ = {
			isa = PBXGroup;
			children = (
				5339696720F9D93600D44FD9 /* MovieFinderTests.swift */,
				5339696920F9D93600D44FD9 /* Info.plist */,
			);
			path = MovieFinderTests;
			sourceTree = "<group>";
		};
		5339697120F9D93600D44FD9 /* MovieFinderUITests */ = {
			isa = PBXGroup;
			children = (
				5339697220F9D93600D44FD9 /* MovieFinderUITests.swift */,
				5339697420F9D93600D44FD9 /* Info.plist */,
			);
			path = MovieFinderUITests;
			sourceTree = "<group>";
		};
		5339698020F9DDBF00D44FD9 /* ViewControllers */ = {
			isa = PBXGroup;
			children = (
				5339695420F9D93300D44FD9 /* MoviesViewController.swift */,
				EF7A18BD20FCBCCE0098B94A /* MovieCacheResultController.swift */,
			);
			path = ViewControllers;
			sourceTree = "<group>";
		};
		5339698120F9DDCC00D44FD9 /* Stories */ = {
			isa = PBXGroup;
			children = (
				5339695620F9D93300D44FD9 /* Main.storyboard */,
				5339695B20F9D93600D44FD9 /* LaunchScreen.storyboard */,
			);
			path = Stories;
			sourceTree = "<group>";
		};
		5339698220F9DE6200D44FD9 /* API */ = {
			isa = PBXGroup;
			children = (
				5366EB4620FF8CC900220309 /* Base */,
				5339698720F9E9B600D44FD9 /* MovieQueryRequestType.swift */,
			);
			path = API;
			sourceTree = "<group>";
		};
		5339698920F9F4C700D44FD9 /* Models */ = {
			isa = PBXGroup;
			children = (
				5339698A20F9F50000D44FD9 /* MovieModel.swift */,
				5373C49720FBBE0C00501BC9 /* AtomicType.swift */,
				5366EB4720FF8D1800220309 /* MovieListModel.swift */,
			);
			path = Models;
			sourceTree = "<group>";
		};
		5339698C20FA413300D44FD9 /* Constants */ = {
			isa = PBXGroup;
			children = (
				5373C48F20FB6C6100501BC9 /* ViewIDConstants.swift */,
				5373C49520FB808A00501BC9 /* APIConstants.swift */,
				53E7145B20FEE1E800A3F9F9 /* CommonConstants.swift */,
			);
			path = Constants;
			sourceTree = "<group>";
		};
		535EE9E120FD0A7F005CDDE3 /* Managers */ = {
			isa = PBXGroup;
			children = (
				535EE9E220FD0AB6005CDDE3 /* MovieCacheManager.swift */,
			);
			path = Managers;
			sourceTree = "<group>";
		};
		5366EB4620FF8CC900220309 /* Base */ = {
			isa = PBXGroup;
			children = (
				5339698320F9DE8600D44FD9 /* RequestDataProvider.swift */,
				5339698520F9E1DD00D44FD9 /* MovieFinderWebService.swift */,
			);
			path = Base;
			sourceTree = "<group>";
		};
		5373C48920FB67D900501BC9 /* Views */ = {
			isa = PBXGroup;
			children = (
				5373C48A20FB6A1800501BC9 /* Cells */,
			);
			path = Views;
			sourceTree = "<group>";
		};
		5373C48A20FB6A1800501BC9 /* Cells */ = {
			isa = PBXGroup;
			children = (
				5373C48B20FB6A4300501BC9 /* MovieTableViewCell.swift */,
			);
			path = Cells;
			sourceTree = "<group>";
		};
		5373C48E20FB6B7400501BC9 /* ViewModels */ = {
			isa = PBXGroup;
			children = (
				5373C49120FB6DE700501BC9 /* MovieListViewModel.swift */,
				5373C49320FB73A900501BC9 /* MovieViewModel.swift */,
			);
			path = ViewModels;
			sourceTree = "<group>";
		};
		53E7145320FED95300A3F9F9 /* Utils */ = {
			isa = PBXGroup;
			children = (
				53E7145420FED97A00A3F9F9 /* AlertUtilities.swift */,
				53E7145620FED9A200A3F9F9 /* CommonUtilities.swift */,
			);
			path = Utils;
			sourceTree = "<group>";
		};
		53E7145820FEDE0B00A3F9F9 /* Extensions */ = {
			isa = PBXGroup;
			children = (
				53E7145920FEDE2400A3F9F9 /* Date+Extension.swift */,
			);
			path = Extensions;
			sourceTree = "<group>";
		};
		9B33D84072EB1F5C81048E74 /* Frameworks */ = {
			isa = PBXGroup;
			children = (
				A5F9CA141AD672F8078B4A39 /* Pods_MovieFinder.framework */,
				FB12F78E09664A85E109704C /* Pods_MovieFinderTests.framework */,
				C7B85F1F737D3E289EAF8EFB /* Pods_MovieFinderUITests.framework */,
			);
			name = Frameworks;
			sourceTree = "<group>";
		};
/* End PBXGroup section */

/* Begin PBXNativeTarget section */
		5339694E20F9D93300D44FD9 /* MovieFinder */ = {
			isa = PBXNativeTarget;
			buildConfigurationList = 5339697720F9D93600D44FD9 /* Build configuration list for PBXNativeTarget "MovieFinder" */;
			buildPhases = (
				2E31B215E5C64FB868A6BF29 /* [CP] Check Pods Manifest.lock */,
				5339694B20F9D93300D44FD9 /* Sources */,
				5339694C20F9D93300D44FD9 /* Frameworks */,
				5339694D20F9D93300D44FD9 /* Resources */,
				D7B9425E289565AE5F8D01BE /* [CP] Embed Pods Frameworks */,
			);
			buildRules = (
			);
			dependencies = (
			);
			name = MovieFinder;
			productName = MovieFinder;
			productReference = 5339694F20F9D93300D44FD9 /* MovieFinder.app */;
			productType = "com.apple.product-type.application";
		};
		5339696220F9D93600D44FD9 /* MovieFinderTests */ = {
			isa = PBXNativeTarget;
			buildConfigurationList = 5339697A20F9D93600D44FD9 /* Build configuration list for PBXNativeTarget "MovieFinderTests" */;
			buildPhases = (
				1E1B24DA559F2B682068717F /* [CP] Check Pods Manifest.lock */,
				5339695F20F9D93600D44FD9 /* Sources */,
				5339696020F9D93600D44FD9 /* Frameworks */,
				5339696120F9D93600D44FD9 /* Resources */,
			);
			buildRules = (
			);
			dependencies = (
				5339696520F9D93600D44FD9 /* PBXTargetDependency */,
			);
			name = MovieFinderTests;
			productName = MovieFinderTests;
			productReference = 5339696320F9D93600D44FD9 /* MovieFinderTests.xctest */;
			productType = "com.apple.product-type.bundle.unit-test";
		};
		5339696D20F9D93600D44FD9 /* MovieFinderUITests */ = {
			isa = PBXNativeTarget;
			buildConfigurationList = 5339697D20F9D93600D44FD9 /* Build configuration list for PBXNativeTarget "MovieFinderUITests" */;
			buildPhases = (
				C8820C96EF6AFFE5AEA8EF5A /* [CP] Check Pods Manifest.lock */,
				5339696A20F9D93600D44FD9 /* Sources */,
				5339696B20F9D93600D44FD9 /* Frameworks */,
				5339696C20F9D93600D44FD9 /* Resources */,
			);
			buildRules = (
			);
			dependencies = (
				5339697020F9D93600D44FD9 /* PBXTargetDependency */,
			);
			name = MovieFinderUITests;
			productName = MovieFinderUITests;
			productReference = 5339696E20F9D93600D44FD9 /* MovieFinderUITests.xctest */;
			productType = "com.apple.product-type.bundle.ui-testing";
		};
/* End PBXNativeTarget section */

/* Begin PBXProject section */
		5339694720F9D93300D44FD9 /* Project object */ = {
			isa = PBXProject;
			attributes = {
				LastSwiftUpdateCheck = 0940;
				LastUpgradeCheck = 0940;
				ORGANIZATIONNAME = "Ab'initio";
				TargetAttributes = {
					5339694E20F9D93300D44FD9 = {
						CreatedOnToolsVersion = 9.4.1;
					};
					5339696220F9D93600D44FD9 = {
						CreatedOnToolsVersion = 9.4.1;
						TestTargetID = 5339694E20F9D93300D44FD9;
					};
					5339696D20F9D93600D44FD9 = {
						CreatedOnToolsVersion = 9.4.1;
						TestTargetID = 5339694E20F9D93300D44FD9;
					};
				};
			};
			buildConfigurationList = 5339694A20F9D93300D44FD9 /* Build configuration list for PBXProject "MovieFinder" */;
			compatibilityVersion = "Xcode 9.3";
			developmentRegion = en;
			hasScannedForEncodings = 0;
			knownRegions = (
				en,
				Base,
			);
			mainGroup = 5339694620F9D93300D44FD9;
			productRefGroup = 5339695020F9D93300D44FD9 /* Products */;
			projectDirPath = "";
			projectRoot = "";
			targets = (
				5339694E20F9D93300D44FD9 /* MovieFinder */,
				5339696220F9D93600D44FD9 /* MovieFinderTests */,
				5339696D20F9D93600D44FD9 /* MovieFinderUITests */,
			);
		};
/* End PBXProject section */

/* Begin PBXResourcesBuildPhase section */
		5339694D20F9D93300D44FD9 /* Resources */ = {
			isa = PBXResourcesBuildPhase;
			buildActionMask = 2147483647;
			files = (
				5339695D20F9D93600D44FD9 /* LaunchScreen.storyboard in Resources */,
				5339695A20F9D93600D44FD9 /* Assets.xcassets in Resources */,
				5339695820F9D93300D44FD9 /* Main.storyboard in Resources */,
			);
			runOnlyForDeploymentPostprocessing = 0;
		};
		5339696120F9D93600D44FD9 /* Resources */ = {
			isa = PBXResourcesBuildPhase;
			buildActionMask = 2147483647;
			files = (
			);
			runOnlyForDeploymentPostprocessing = 0;
		};
		5339696C20F9D93600D44FD9 /* Resources */ = {
			isa = PBXResourcesBuildPhase;
			buildActionMask = 2147483647;
			files = (
			);
			runOnlyForDeploymentPostprocessing = 0;
		};
/* End PBXResourcesBuildPhase section */

/* Begin PBXShellScriptBuildPhase section */
		1E1B24DA559F2B682068717F /* [CP] Check Pods Manifest.lock */ = {
			isa = PBXShellScriptBuildPhase;
			buildActionMask = 2147483647;
			files = (
			);
			inputPaths = (
				"${PODS_PODFILE_DIR_PATH}/Podfile.lock",
				"${PODS_ROOT}/Manifest.lock",
			);
			name = "[CP] Check Pods Manifest.lock";
			outputPaths = (
				"$(DERIVED_FILE_DIR)/Pods-MovieFinderTests-checkManifestLockResult.txt",
			);
			runOnlyForDeploymentPostprocessing = 0;
			shellPath = /bin/sh;
			shellScript = "diff \"${PODS_PODFILE_DIR_PATH}/Podfile.lock\" \"${PODS_ROOT}/Manifest.lock\" > /dev/null\nif [ $? != 0 ] ; then\n    # print error to STDERR\n    echo \"error: The sandbox is not in sync with the Podfile.lock. Run 'pod install' or update your CocoaPods installation.\" >&2\n    exit 1\nfi\n# This output is used by Xcode 'outputs' to avoid re-running this script phase.\necho \"SUCCESS\" > \"${SCRIPT_OUTPUT_FILE_0}\"\n";
			showEnvVarsInLog = 0;
		};
		2E31B215E5C64FB868A6BF29 /* [CP] Check Pods Manifest.lock */ = {
			isa = PBXShellScriptBuildPhase;
			buildActionMask = 2147483647;
			files = (
			);
			inputPaths = (
				"${PODS_PODFILE_DIR_PATH}/Podfile.lock",
				"${PODS_ROOT}/Manifest.lock",
			);
			name = "[CP] Check Pods Manifest.lock";
			outputPaths = (
				"$(DERIVED_FILE_DIR)/Pods-MovieFinder-checkManifestLockResult.txt",
			);
			runOnlyForDeploymentPostprocessing = 0;
			shellPath = /bin/sh;
			shellScript = "diff \"${PODS_PODFILE_DIR_PATH}/Podfile.lock\" \"${PODS_ROOT}/Manifest.lock\" > /dev/null\nif [ $? != 0 ] ; then\n    # print error to STDERR\n    echo \"error: The sandbox is not in sync with the Podfile.lock. Run 'pod install' or update your CocoaPods installation.\" >&2\n    exit 1\nfi\n# This output is used by Xcode 'outputs' to avoid re-running this script phase.\necho \"SUCCESS\" > \"${SCRIPT_OUTPUT_FILE_0}\"\n";
			showEnvVarsInLog = 0;
		};
		C8820C96EF6AFFE5AEA8EF5A /* [CP] Check Pods Manifest.lock */ = {
			isa = PBXShellScriptBuildPhase;
			buildActionMask = 2147483647;
			files = (
			);
			inputPaths = (
				"${PODS_PODFILE_DIR_PATH}/Podfile.lock",
				"${PODS_ROOT}/Manifest.lock",
			);
			name = "[CP] Check Pods Manifest.lock";
			outputPaths = (
				"$(DERIVED_FILE_DIR)/Pods-MovieFinderUITests-checkManifestLockResult.txt",
			);
			runOnlyForDeploymentPostprocessing = 0;
			shellPath = /bin/sh;
			shellScript = "diff \"${PODS_PODFILE_DIR_PATH}/Podfile.lock\" \"${PODS_ROOT}/Manifest.lock\" > /dev/null\nif [ $? != 0 ] ; then\n    # print error to STDERR\n    echo \"error: The sandbox is not in sync with the Podfile.lock. Run 'pod install' or update your CocoaPods installation.\" >&2\n    exit 1\nfi\n# This output is used by Xcode 'outputs' to avoid re-running this script phase.\necho \"SUCCESS\" > \"${SCRIPT_OUTPUT_FILE_0}\"\n";
			showEnvVarsInLog = 0;
		};
		D7B9425E289565AE5F8D01BE /* [CP] Embed Pods Frameworks */ = {
			isa = PBXShellScriptBuildPhase;
			buildActionMask = 2147483647;
			files = (
			);
			inputPaths = (
				"${SRCROOT}/Pods/Target Support Files/Pods-MovieFinder/Pods-MovieFinder-frameworks.sh",
				"${BUILT_PRODUCTS_DIR}/Alamofire/Alamofire.framework",
				"${BUILT_PRODUCTS_DIR}/ObjectMapper/ObjectMapper.framework",
				"${BUILT_PRODUCTS_DIR}/SDWebImage/SDWebImage.framework",
			);
			name = "[CP] Embed Pods Frameworks";
			outputPaths = (
				"${TARGET_BUILD_DIR}/${FRAMEWORKS_FOLDER_PATH}/Alamofire.framework",
				"${TARGET_BUILD_DIR}/${FRAMEWORKS_FOLDER_PATH}/ObjectMapper.framework",
				"${TARGET_BUILD_DIR}/${FRAMEWORKS_FOLDER_PATH}/SDWebImage.framework",
			);
			runOnlyForDeploymentPostprocessing = 0;
			shellPath = /bin/sh;
			shellScript = "\"${SRCROOT}/Pods/Target Support Files/Pods-MovieFinder/Pods-MovieFinder-frameworks.sh\"\n";
			showEnvVarsInLog = 0;
		};
/* End PBXShellScriptBuildPhase section */

/* Begin PBXSourcesBuildPhase section */
		5339694B20F9D93300D44FD9 /* Sources */ = {
			isa = PBXSourcesBuildPhase;
			buildActionMask = 2147483647;
			files = (
				5373C49820FBBE0C00501BC9 /* AtomicType.swift in Sources */,
				5339698B20F9F50000D44FD9 /* MovieModel.swift in Sources */,
				5373C49620FB808B00501BC9 /* APIConstants.swift in Sources */,
				535EE9E320FD0AB6005CDDE3 /* MovieCacheManager.swift in Sources */,
				53E7145C20FEE1E800A3F9F9 /* CommonConstants.swift in Sources */,
				5373C49420FB73AA00501BC9 /* MovieViewModel.swift in Sources */,
				53E7145720FED9A200A3F9F9 /* CommonUtilities.swift in Sources */,
				53E7145520FED97A00A3F9F9 /* AlertUtilities.swift in Sources */,
				5339698420F9DE8600D44FD9 /* RequestDataProvider.swift in Sources */,
				EF7A18BE20FCBCCE0098B94A /* MovieCacheResultController.swift in Sources */,
				53E7145A20FEDE2400A3F9F9 /* Date+Extension.swift in Sources */,
				5373C48C20FB6A4300501BC9 /* MovieTableViewCell.swift in Sources */,
				5339698620F9E1DD00D44FD9 /* MovieFinderWebService.swift in Sources */,
				5339695520F9D93300D44FD9 /* MoviesViewController.swift in Sources */,
				5373C49020FB6C6100501BC9 /* ViewIDConstants.swift in Sources */,
				5339695320F9D93300D44FD9 /* AppDelegate.swift in Sources */,
				5339698820F9E9B600D44FD9 /* MovieQueryRequestType.swift in Sources */,
				5366EB4820FF8D1800220309 /* MovieListModel.swift in Sources */,
				5373C49220FB6DE700501BC9 /* MovieListViewModel.swift in Sources */,
			);
			runOnlyForDeploymentPostprocessing = 0;
		};
		5339695F20F9D93600D44FD9 /* Sources */ = {
			isa = PBXSourcesBuildPhase;
			buildActionMask = 2147483647;
			files = (
				5339696820F9D93600D44FD9 /* MovieFinderTests.swift in Sources */,
			);
			runOnlyForDeploymentPostprocessing = 0;
		};
		5339696A20F9D93600D44FD9 /* Sources */ = {
			isa = PBXSourcesBuildPhase;
			buildActionMask = 2147483647;
			files = (
				5339697320F9D93600D44FD9 /* MovieFinderUITests.swift in Sources */,
			);
			runOnlyForDeploymentPostprocessing = 0;
		};
/* End PBXSourcesBuildPhase section */

/* Begin PBXTargetDependency section */
		5339696520F9D93600D44FD9 /* PBXTargetDependency */ = {
			isa = PBXTargetDependency;
			target = 5339694E20F9D93300D44FD9 /* MovieFinder */;
			targetProxy = 5339696420F9D93600D44FD9 /* PBXContainerItemProxy */;
		};
		5339697020F9D93600D44FD9 /* PBXTargetDependency */ = {
			isa = PBXTargetDependency;
			target = 5339694E20F9D93300D44FD9 /* MovieFinder */;
			targetProxy = 5339696F20F9D93600D44FD9 /* PBXContainerItemProxy */;
		};
/* End PBXTargetDependency section */

/* Begin PBXVariantGroup section */
		5339695620F9D93300D44FD9 /* Main.storyboard */ = {
			isa = PBXVariantGroup;
			children = (
				5339695720F9D93300D44FD9 /* Base */,
			);
			name = Main.storyboard;
			sourceTree = "<group>";
		};
		5339695B20F9D93600D44FD9 /* LaunchScreen.storyboard */ = {
			isa = PBXVariantGroup;
			children = (
				5339695C20F9D93600D44FD9 /* Base */,
			);
			name = LaunchScreen.storyboard;
			sourceTree = "<group>";
		};
/* End PBXVariantGroup section */

/* Begin XCBuildConfiguration section */
		5339697520F9D93600D44FD9 /* Debug */ = {
			isa = XCBuildConfiguration;
			buildSettings = {
				ALWAYS_SEARCH_USER_PATHS = NO;
				CLANG_ANALYZER_NONNULL = YES;
				CLANG_ANALYZER_NUMBER_OBJECT_CONVERSION = YES_AGGRESSIVE;
				CLANG_CXX_LANGUAGE_STANDARD = "gnu++14";
				CLANG_CXX_LIBRARY = "libc++";
				CLANG_ENABLE_MODULES = YES;
				CLANG_ENABLE_OBJC_ARC = YES;
				CLANG_ENABLE_OBJC_WEAK = YES;
				CLANG_WARN_BLOCK_CAPTURE_AUTORELEASING = YES;
				CLANG_WARN_BOOL_CONVERSION = YES;
				CLANG_WARN_COMMA = YES;
				CLANG_WARN_CONSTANT_CONVERSION = YES;
				CLANG_WARN_DEPRECATED_OBJC_IMPLEMENTATIONS = YES;
				CLANG_WARN_DIRECT_OBJC_ISA_USAGE = YES_ERROR;
				CLANG_WARN_DOCUMENTATION_COMMENTS = YES;
				CLANG_WARN_EMPTY_BODY = YES;
				CLANG_WARN_ENUM_CONVERSION = YES;
				CLANG_WARN_INFINITE_RECURSION = YES;
				CLANG_WARN_INT_CONVERSION = YES;
				CLANG_WARN_NON_LITERAL_NULL_CONVERSION = YES;
				CLANG_WARN_OBJC_IMPLICIT_RETAIN_SELF = YES;
				CLANG_WARN_OBJC_LITERAL_CONVERSION = YES;
				CLANG_WARN_OBJC_ROOT_CLASS = YES_ERROR;
				CLANG_WARN_RANGE_LOOP_ANALYSIS = YES;
				CLANG_WARN_STRICT_PROTOTYPES = YES;
				CLANG_WARN_SUSPICIOUS_MOVE = YES;
				CLANG_WARN_UNGUARDED_AVAILABILITY = YES_AGGRESSIVE;
				CLANG_WARN_UNREACHABLE_CODE = YES;
				CLANG_WARN__DUPLICATE_METHOD_MATCH = YES;
				CODE_SIGN_IDENTITY = "iPhone Developer";
				COPY_PHASE_STRIP = NO;
				DEBUG_INFORMATION_FORMAT = dwarf;
				ENABLE_STRICT_OBJC_MSGSEND = YES;
				ENABLE_TESTABILITY = YES;
				GCC_C_LANGUAGE_STANDARD = gnu11;
				GCC_DYNAMIC_NO_PIC = NO;
				GCC_NO_COMMON_BLOCKS = YES;
				GCC_OPTIMIZATION_LEVEL = 0;
				GCC_PREPROCESSOR_DEFINITIONS = (
					"DEBUG=1",
					"$(inherited)",
				);
				GCC_WARN_64_TO_32_BIT_CONVERSION = YES;
				GCC_WARN_ABOUT_RETURN_TYPE = YES_ERROR;
				GCC_WARN_UNDECLARED_SELECTOR = YES;
				GCC_WARN_UNINITIALIZED_AUTOS = YES_AGGRESSIVE;
				GCC_WARN_UNUSED_FUNCTION = YES;
				GCC_WARN_UNUSED_VARIABLE = YES;
				IPHONEOS_DEPLOYMENT_TARGET = 9.0;
				MTL_ENABLE_DEBUG_INFO = YES;
				ONLY_ACTIVE_ARCH = YES;
				SDKROOT = iphoneos;
				SWIFT_ACTIVE_COMPILATION_CONDITIONS = DEBUG;
				SWIFT_OPTIMIZATION_LEVEL = "-Onone";
			};
			name = Debug;
		};
		5339697620F9D93600D44FD9 /* Release */ = {
			isa = XCBuildConfiguration;
			buildSettings = {
				ALWAYS_SEARCH_USER_PATHS = NO;
				CLANG_ANALYZER_NONNULL = YES;
				CLANG_ANALYZER_NUMBER_OBJECT_CONVERSION = YES_AGGRESSIVE;
				CLANG_CXX_LANGUAGE_STANDARD = "gnu++14";
				CLANG_CXX_LIBRARY = "libc++";
				CLANG_ENABLE_MODULES = YES;
				CLANG_ENABLE_OBJC_ARC = YES;
				CLANG_ENABLE_OBJC_WEAK = YES;
				CLANG_WARN_BLOCK_CAPTURE_AUTORELEASING = YES;
				CLANG_WARN_BOOL_CONVERSION = YES;
				CLANG_WARN_COMMA = YES;
				CLANG_WARN_CONSTANT_CONVERSION = YES;
				CLANG_WARN_DEPRECATED_OBJC_IMPLEMENTATIONS = YES;
				CLANG_WARN_DIRECT_OBJC_ISA_USAGE = YES_ERROR;
				CLANG_WARN_DOCUMENTATION_COMMENTS = YES;
				CLANG_WARN_EMPTY_BODY = YES;
				CLANG_WARN_ENUM_CONVERSION = YES;
				CLANG_WARN_INFINITE_RECURSION = YES;
				CLANG_WARN_INT_CONVERSION = YES;
				CLANG_WARN_NON_LITERAL_NULL_CONVERSION = YES;
				CLANG_WARN_OBJC_IMPLICIT_RETAIN_SELF = YES;
				CLANG_WARN_OBJC_LITERAL_CONVERSION = YES;
				CLANG_WARN_OBJC_ROOT_CLASS = YES_ERROR;
				CLANG_WARN_RANGE_LOOP_ANALYSIS = YES;
				CLANG_WARN_STRICT_PROTOTYPES = YES;
				CLANG_WARN_SUSPICIOUS_MOVE = YES;
				CLANG_WARN_UNGUARDED_AVAILABILITY = YES_AGGRESSIVE;
				CLANG_WARN_UNREACHABLE_CODE = YES;
				CLANG_WARN__DUPLICATE_METHOD_MATCH = YES;
				CODE_SIGN_IDENTITY = "iPhone Developer";
				COPY_PHASE_STRIP = NO;
				DEBUG_INFORMATION_FORMAT = "dwarf-with-dsym";
				ENABLE_NS_ASSERTIONS = NO;
				ENABLE_STRICT_OBJC_MSGSEND = YES;
				GCC_C_LANGUAGE_STANDARD = gnu11;
				GCC_NO_COMMON_BLOCKS = YES;
				GCC_WARN_64_TO_32_BIT_CONVERSION = YES;
				GCC_WARN_ABOUT_RETURN_TYPE = YES_ERROR;
				GCC_WARN_UNDECLARED_SELECTOR = YES;
				GCC_WARN_UNINITIALIZED_AUTOS = YES_AGGRESSIVE;
				GCC_WARN_UNUSED_FUNCTION = YES;
				GCC_WARN_UNUSED_VARIABLE = YES;
				IPHONEOS_DEPLOYMENT_TARGET = 9.0;
				MTL_ENABLE_DEBUG_INFO = NO;
				SDKROOT = iphoneos;
				SWIFT_COMPILATION_MODE = wholemodule;
				SWIFT_OPTIMIZATION_LEVEL = "-O";
				VALIDATE_PRODUCT = YES;
			};
			name = Release;
		};
		5339697820F9D93600D44FD9 /* Debug */ = {
			isa = XCBuildConfiguration;
			baseConfigurationReference = 43ED23389DB02BF82E68F0B4 /* Pods-MovieFinder.debug.xcconfig */;
			buildSettings = {
				ASSETCATALOG_COMPILER_APPICON_NAME = AppIcon;
				CODE_SIGN_IDENTITY = "iPhone Developer";
				CODE_SIGN_STYLE = Automatic;
				DEVELOPMENT_TEAM = GMB73TRG55;
				INFOPLIST_FILE = MovieFinder/Info.plist;
				LD_RUNPATH_SEARCH_PATHS = (
					"$(inherited)",
					"@executable_path/Frameworks",
				);
				PRODUCT_BUNDLE_IDENTIFIER = com.ars.MovieFinder;
				PRODUCT_NAME = "$(TARGET_NAME)";
				PROVISIONING_PROFILE_SPECIFIER = "";
				SWIFT_VERSION = 4.0;
				TARGETED_DEVICE_FAMILY = "1,2";
			};
			name = Debug;
		};
		5339697920F9D93600D44FD9 /* Release */ = {
			isa = XCBuildConfiguration;
			baseConfigurationReference = 0447694B084FBCE3E5C9AC1A /* Pods-MovieFinder.release.xcconfig */;
			buildSettings = {
				ASSETCATALOG_COMPILER_APPICON_NAME = AppIcon;
				CODE_SIGN_IDENTITY = "iPhone Developer";
				CODE_SIGN_STYLE = Automatic;
				DEVELOPMENT_TEAM = GMB73TRG55;
				INFOPLIST_FILE = MovieFinder/Info.plist;
				LD_RUNPATH_SEARCH_PATHS = (
					"$(inherited)",
					"@executable_path/Frameworks",
				);
				PRODUCT_BUNDLE_IDENTIFIER = com.ars.MovieFinder;
				PRODUCT_NAME = "$(TARGET_NAME)";
				PROVISIONING_PROFILE_SPECIFIER = "";
				SWIFT_VERSION = 4.0;
				TARGETED_DEVICE_FAMILY = "1,2";
			};
			name = Release;
		};
		5339697B20F9D93600D44FD9 /* Debug */ = {
			isa = XCBuildConfiguration;
			baseConfigurationReference = 681164AA156310229F56BBA6 /* Pods-MovieFinderTests.debug.xcconfig */;
			buildSettings = {
				ALWAYS_EMBED_SWIFT_STANDARD_LIBRARIES = YES;
				BUNDLE_LOADER = "$(TEST_HOST)";
				CODE_SIGN_STYLE = Automatic;
				INFOPLIST_FILE = MovieFinderTests/Info.plist;
				LD_RUNPATH_SEARCH_PATHS = (
					"$(inherited)",
					"@executable_path/Frameworks",
					"@loader_path/Frameworks",
				);
				PRODUCT_BUNDLE_IDENTIFIER = com.ars.MovieFinderTests;
				PRODUCT_NAME = "$(TARGET_NAME)";
				SWIFT_VERSION = 4.0;
				TARGETED_DEVICE_FAMILY = "1,2";
				TEST_HOST = "$(BUILT_PRODUCTS_DIR)/MovieFinder.app/MovieFinder";
			};
			name = Debug;
		};
		5339697C20F9D93600D44FD9 /* Release */ = {
			isa = XCBuildConfiguration;
			baseConfigurationReference = 1D3ACE86BB19FD04CF2CA5BD /* Pods-MovieFinderTests.release.xcconfig */;
			buildSettings = {
				ALWAYS_EMBED_SWIFT_STANDARD_LIBRARIES = YES;
				BUNDLE_LOADER = "$(TEST_HOST)";
				CODE_SIGN_STYLE = Automatic;
				INFOPLIST_FILE = MovieFinderTests/Info.plist;
				LD_RUNPATH_SEARCH_PATHS = (
					"$(inherited)",
					"@executable_path/Frameworks",
					"@loader_path/Frameworks",
				);
				PRODUCT_BUNDLE_IDENTIFIER = com.ars.MovieFinderTests;
				PRODUCT_NAME = "$(TARGET_NAME)";
				SWIFT_VERSION = 4.0;
				TARGETED_DEVICE_FAMILY = "1,2";
				TEST_HOST = "$(BUILT_PRODUCTS_DIR)/MovieFinder.app/MovieFinder";
			};
			name = Release;
		};
		5339697E20F9D93600D44FD9 /* Debug */ = {
			isa = XCBuildConfiguration;
			baseConfigurationReference = 090CEA4A61F11E7977E4F51D /* Pods-MovieFinderUITests.debug.xcconfig */;
			buildSettings = {
				ALWAYS_EMBED_SWIFT_STANDARD_LIBRARIES = YES;
				CODE_SIGN_STYLE = Automatic;
				INFOPLIST_FILE = MovieFinderUITests/Info.plist;
				LD_RUNPATH_SEARCH_PATHS = (
					"$(inherited)",
					"@executable_path/Frameworks",
					"@loader_path/Frameworks",
				);
				PRODUCT_BUNDLE_IDENTIFIER = com.ars.MovieFinderUITests;
				PRODUCT_NAME = "$(TARGET_NAME)";
				SWIFT_VERSION = 4.0;
				TARGETED_DEVICE_FAMILY = "1,2";
				TEST_TARGET_NAME = MovieFinder;
			};
			name = Debug;
		};
		5339697F20F9D93600D44FD9 /* Release */ = {
			isa = XCBuildConfiguration;
			baseConfigurationReference = 234E0CD52E94C9F5B7730E9D /* Pods-MovieFinderUITests.release.xcconfig */;
			buildSettings = {
				ALWAYS_EMBED_SWIFT_STANDARD_LIBRARIES = YES;
				CODE_SIGN_STYLE = Automatic;
				INFOPLIST_FILE = MovieFinderUITests/Info.plist;
				LD_RUNPATH_SEARCH_PATHS = (
					"$(inherited)",
					"@executable_path/Frameworks",
					"@loader_path/Frameworks",
				);
				PRODUCT_BUNDLE_IDENTIFIER = com.ars.MovieFinderUITests;
				PRODUCT_NAME = "$(TARGET_NAME)";
				SWIFT_VERSION = 4.0;
				TARGETED_DEVICE_FAMILY = "1,2";
				TEST_TARGET_NAME = MovieFinder;
			};
			name = Release;
		};
/* End XCBuildConfiguration section */

/* Begin XCConfigurationList section */
		5339694A20F9D93300D44FD9 /* Build configuration list for PBXProject "MovieFinder" */ = {
			isa = XCConfigurationList;
			buildConfigurations = (
				5339697520F9D93600D44FD9 /* Debug */,
				5339697620F9D93600D44FD9 /* Release */,
			);
			defaultConfigurationIsVisible = 0;
			defaultConfigurationName = Release;
		};
		5339697720F9D93600D44FD9 /* Build configuration list for PBXNativeTarget "MovieFinder" */ = {
			isa = XCConfigurationList;
			buildConfigurations = (
				5339697820F9D93600D44FD9 /* Debug */,
				5339697920F9D93600D44FD9 /* Release */,
			);
			defaultConfigurationIsVisible = 0;
			defaultConfigurationName = Release;
		};
		5339697A20F9D93600D44FD9 /* Build configuration list for PBXNativeTarget "MovieFinderTests" */ = {
			isa = XCConfigurationList;
			buildConfigurations = (
				5339697B20F9D93600D44FD9 /* Debug */,
				5339697C20F9D93600D44FD9 /* Release */,
			);
			defaultConfigurationIsVisible = 0;
			defaultConfigurationName = Release;
		};
		5339697D20F9D93600D44FD9 /* Build configuration list for PBXNativeTarget "MovieFinderUITests" */ = {
			isa = XCConfigurationList;
			buildConfigurations = (
				5339697E20F9D93600D44FD9 /* Debug */,
				5339697F20F9D93600D44FD9 /* Release */,
			);
			defaultConfigurationIsVisible = 0;
			defaultConfigurationName = Release;
		};
/* End XCConfigurationList section */
	};
	rootObject = 5339694720F9D93300D44FD9 /* Project object */;
}
